
Microsoft Visual Studio Solution File, Format Version 12.00
# Visual Studio Version 16
VisualStudioVersion = 16.0.29418.71
MinimumVisualStudioVersion = 10.0.40219.1
Project("{9A19103F-16F7-4668-BE54-9A1E7A4F7556}") = "Vs.Rules.Core", "Vs.Rules.Core\Vs.Rules.Core.csproj", "{91455A8C-B5F6-4E39-8314-38ED24EC6F60}"
EndProject
Project("{2150E333-8FDC-42A3-9474-1A3956D46DE8}") = "Solution Items", "Solution Items", "{4924015A-0FD1-485E-8D4E-D2B0BFCC3EF4}"
	ProjectSection(SolutionItems) = preProject
		.codeclimate.yml = .codeclimate.yml
		azure-pipelines.yml = azure-pipelines.yml
		readme.md = readme.md
	EndProjectSection
EndProject
Project("{2150E333-8FDC-42A3-9474-1A3956D46DE8}") = "images", "images", "{35C0B2C8-9B11-417A-8C9A-523F452DA31C}"
	ProjectSection(SolutionItems) = preProject
		images\icon.png = images\icon.png
		images\logo.svg = images\logo.svg
		images\postman.png = images\postman.png
		images\regeling-configurator.png = images\regeling-configurator.png
	EndProjectSection
EndProject
Project("{9A19103F-16F7-4668-BE54-9A1E7A4F7556}") = "Vs.Rules.Core.Tests", "Vs.Rules.Core.Tests\Vs.Rules.Core.Tests.csproj", "{F808BE58-C22E-47D7-A494-CA1C788832E2}"
EndProject
Project("{2150E333-8FDC-42A3-9474-1A3956D46DE8}") = "doc", "doc", "{903A60DA-7659-421E-9BA8-14FBCC994642}"
	ProjectSection(SolutionItems) = preProject
		doc\Requirements-Wetsanalist.md = doc\Requirements-Wetsanalist.md
	EndProjectSection
EndProject
Project("{9A19103F-16F7-4668-BE54-9A1E7A4F7556}") = "Vs.VoorzieningenEnRegelingen.Service", "Vs.VoorzieningenEnRegelingen.Service\Vs.VoorzieningenEnRegelingen.Service.csproj", "{60E9282A-7AF1-45DB-8C60-711A465F66A1}"
EndProject
Project("{2150E333-8FDC-42A3-9474-1A3956D46DE8}") = "test-payloads", "test-payloads", "{59BAD9B8-4094-4778-B851-E0654C59C646}"
	ProjectSection(SolutionItems) = preProject
		doc\test-payloads\zorgtoeslag-2019.yml = doc\test-payloads\zorgtoeslag-2019.yml
	EndProjectSection
EndProject
Project("{9A19103F-16F7-4668-BE54-9A1E7A4F7556}") = "Vs.VoorzieningenEnRegelingen.Benchmarks", "Vs.VoorzieningenEnRegelingen.Benchmarks\Vs.VoorzieningenEnRegelingen.Benchmarks.csproj", "{947FB17C-36B5-498C-83E0-911D66A1C826}"
EndProject
Project("{2150E333-8FDC-42A3-9474-1A3956D46DE8}") = "data", "data", "{C27292C1-213D-442D-A011-7A6EE26C1AFE}"
	ProjectSection(SolutionItems) = preProject
		data\virtualsociety-urukagina.json = data\virtualsociety-urukagina.json
	EndProjectSection
EndProject
Project("{2150E333-8FDC-42A3-9474-1A3956D46DE8}") = "ux", "ux", "{2D723034-EED5-4817-BEAD-395569BB5AE6}"
	ProjectSection(SolutionItems) = preProject
		doc\ux\step.png = doc\ux\step.png
		doc\ux\wireframing.pptx = doc\ux\wireframing.pptx
	EndProjectSection
EndProject
Project("{2150E333-8FDC-42A3-9474-1A3956D46DE8}") = "cms", "cms", "{E3EFC9E8-AF92-4CA2-B6F8-43FEF9555A3E}"
	ProjectSection(SolutionItems) = preProject
		cms\readme.md = cms\readme.md
	EndProjectSection
EndProject
Project("{9A19103F-16F7-4668-BE54-9A1E7A4F7556}") = "Vs.Cms.Core", "cms\Vs.Cms.Core\Vs.Cms.Core.csproj", "{CF02EDE3-E037-4F87-B6D3-2B016FB45D4C}"
EndProject
Project("{9A19103F-16F7-4668-BE54-9A1E7A4F7556}") = "Vs.Cms.GitHubFileStorage", "cms\Vs.Cms.GitHubStorage\Vs.Cms.GitHubFileStorage.csproj", "{979CBBEE-C1F5-45D6-A7A3-C16B63FBFC93}"
EndProject
Project("{2150E333-8FDC-42A3-9474-1A3956D46DE8}") = "graph", "graph", "{4EEA526B-513B-4274-83E9-82847EDCB061}"
	ProjectSection(SolutionItems) = preProject
		graph\README.md = graph\README.md
	EndProjectSection
EndProject
Project("{9A19103F-16F7-4668-BE54-9A1E7A4F7556}") = "Vs.Graph.Core", "graph\Vs.Graph.Core\Vs.Graph.Core.csproj", "{103262AA-2B0C-4D00-B38C-640E6717B8B4}"
EndProject
Project("{9A19103F-16F7-4668-BE54-9A1E7A4F7556}") = "Vs.DataProvider.MsSqlGraph", "graph\Vs.DataProvider.MsSqlGraph\Vs.DataProvider.MsSqlGraph.csproj", "{68E67FA0-1F7C-4366-9B42-4889D5C3494C}"
EndProject
Project("{2150E333-8FDC-42A3-9474-1A3956D46DE8}") = "images", "images", "{675B52A9-1CB2-483A-B7AA-4831DBE389CF}"
EndProject
Project("{2150E333-8FDC-42A3-9474-1A3956D46DE8}") = "core", "core", "{5C4AF588-9E89-4835-B899-12A16B587546}"
EndProject
Project("{9A19103F-16F7-4668-BE54-9A1E7A4F7556}") = "Vs.Core", "core\Vs.Core\Vs.Core.csproj", "{F3A2931D-C46F-471F-B652-08A99DC63926}"
EndProject
Project("{9A19103F-16F7-4668-BE54-9A1E7A4F7556}") = "Vs.VoorzieningenEnRegelingen.BurgerPortaal", "Vs.VoorzieningenEnRegelingen.BurgerPortaal\Vs.VoorzieningenEnRegelingen.BurgerPortaal.csproj", "{2EE6C058-473C-40A4-BB03-B9C8391C41CD}"
EndProject
Project("{9A19103F-16F7-4668-BE54-9A1E7A4F7556}") = "Vs.Core.Tests", "core\Vs.Core.Tests\Vs.Core.Tests.csproj", "{879A048D-51F2-4BCA-99CF-D0D0F411AAEA}"
EndProject
Project("{9A19103F-16F7-4668-BE54-9A1E7A4F7556}") = "Vs.Graph.Core.Tests", "graph\Vs.Graph.Core.Tests\Vs.Graph.Core.Tests.csproj", "{142F8B64-A932-489F-9737-1E127810D6CB}"
EndProject
Project("{9A19103F-16F7-4668-BE54-9A1E7A4F7556}") = "Vs.DataProvider.MsSqlGraph.Tests", "graph\Vs.DataProvider.MsSqlGraph.Tests\Vs.DataProvider.MsSqlGraph.Tests.csproj", "{465B8D5D-5A29-4447-96F5-0290F17FD680}"
EndProject
Project("{9A19103F-16F7-4668-BE54-9A1E7A4F7556}") = "Vs.VoorzieningenEnRegelingen.BurgerPortaal.Tests", "Vs.VoorzieningenEnRegelingen.BurgerPortaal.Tests\Vs.VoorzieningenEnRegelingen.BurgerPortaal.Tests.csproj", "{AFAA8D8D-5B57-49B1-A718-7029ADE90618}"
EndProject
Project("{9A19103F-16F7-4668-BE54-9A1E7A4F7556}") = "Vs.Cms.Core.Tests", "cms\Vs.Cms.Core.Tests\Vs.Cms.Core.Tests.csproj", "{03D26D24-A62C-4735-9756-698B6908E887}"
EndProject
Project("{9A19103F-16F7-4668-BE54-9A1E7A4F7556}") = "Vs.Cms.GitHubFileStorage.Tests", "cms\Vs.Cmd.GitHubFileStorage\Vs.Cms.GitHubFileStorage.Tests.csproj", "{5303C029-F6DF-4182-A51B-C21EDDDF19B0}"
EndProject
Project("{9A19103F-16F7-4668-BE54-9A1E7A4F7556}") = "Vs.VoorzieningenEnRegelingen.Core.TestData", "Vs.VoorzieningenEnRegelingen.Core.TestData\Vs.VoorzieningenEnRegelingen.Core.TestData.csproj", "{49F184EA-0342-416D-8CCA-E0E3B3A055C3}"
EndProject
Project("{9A19103F-16F7-4668-BE54-9A1E7A4F7556}") = "Vs.VoorzieningenEnRegelingen.Service.Tests", "Vs.VoorzieningenEnRegelingen.Service.Tests\Vs.VoorzieningenEnRegelingen.Service.Tests.csproj", "{107ECD92-BDEE-469C-BD4E-A7A4BB8E12A1}"
EndProject
Project("{9A19103F-16F7-4668-BE54-9A1E7A4F7556}") = "Vs.Core.Web", "core\Vs.Core.Web\Vs.Core.Web.csproj", "{A13575CC-D4D7-4BE2-852C-561522381580}"
EndProject
Project("{2150E333-8FDC-42A3-9474-1A3956D46DE8}") = "tools", "tools", "{97A749EF-A7E5-45A8-B456-1169B34BC63C}"
EndProject
Project("{9A19103F-16F7-4668-BE54-9A1E7A4F7556}") = "YamlParse", "YamlParse\YamlParse.csproj", "{C0A7789C-10DB-4674-AB16-125D4E4D0384}"
EndProject
Project("{2150E333-8FDC-42A3-9474-1A3956D46DE8}") = "vendor", "vendor", "{80E2EB35-DA37-45AC-AAFD-4B5A95D702B0}"
EndProject
Project("{2150E333-8FDC-42A3-9474-1A3956D46DE8}") = "Vs.Rules", "Vs.Rules", "{88324C07-A820-4B94-9381-822AD967B277}"
EndProject
Project("{9A19103F-16F7-4668-BE54-9A1E7A4F7556}") = "Vs.Rules.OpenApi", "Vs.Rules.OpenApi\Vs.Rules.OpenApi.csproj", "{2643ED42-27F0-4AA6-B36C-650B183D0699}"
EndProject
Project("{9A19103F-16F7-4668-BE54-9A1E7A4F7556}") = "Acme.Answer.OpenApi", "Acme.Answer.OpenApi\Acme.Answer.OpenApi.csproj", "{ED9CDCA0-CCAD-41E7-A4B4-6904BBABFCA7}"
EndProject
Project("{9A19103F-16F7-4668-BE54-9A1E7A4F7556}") = "Vs.Rules.OpenApi.Tests", "Vs.Rules.OpenApi.Tests\Vs.Rules.OpenApi.Tests.csproj", "{080CABD0-0EEE-4354-AC7E-06F07B5BDB8F}"
EndProject
Project("{9A19103F-16F7-4668-BE54-9A1E7A4F7556}") = "Vs.Core.IntegrationTesting.OpenApi", "Vs.Core.IntegrationTesting.OpenApi\Vs.Core.IntegrationTesting.OpenApi.csproj", "{A0EE266A-422E-45B1-A316-7F52B5A6DF6E}"
EndProject
Project("{9A19103F-16F7-4668-BE54-9A1E7A4F7556}") = "Vs.VoorzieningenEnRegelingen.Site", "Vs.VoorzieningenEnRegelingen.Site\Vs.VoorzieningenEnRegelingen.Site.csproj", "{DA61EC24-E465-460A-A129-28157DFE7E65}"
EndProject
Project("{9A19103F-16F7-4668-BE54-9A1E7A4F7556}") = "Vs.Core.Web.OpenApi", "core\Vs.Core.Web.OpenApi\Vs.Core.Web.OpenApi.csproj", "{0C23AD5D-61E7-4163-ACEE-EC3E414E278B}"
EndProject
Project("{9A19103F-16F7-4668-BE54-9A1E7A4F7556}") = "Vs.BurgerPortaal.Server", "Vs.BurgerPortaal.Server\Vs.BurgerPortaal.Server.csproj", "{CAB71EE5-88C8-4202-958B-A637B617F905}"
EndProject
Project("{9A19103F-16F7-4668-BE54-9A1E7A4F7556}") = "Vs.BurgerPortaal.Core", "Vs.BurgerPortaal.Core\Vs.BurgerPortaal.Core.csproj", "{CDAE33D5-2032-4671-9CAC-5A0CA693D504}"
EndProject
Project("{9A19103F-16F7-4668-BE54-9A1E7A4F7556}") = "Vs.BurgerPortaal.WASM", "Vs.BurgerPortaal.WASM\Vs.BurgerPortaal.WASM.csproj", "{B86769B8-78A4-4872-B2F5-D435456C7BCB}"
EndProject
Project("{9A19103F-16F7-4668-BE54-9A1E7A4F7556}") = "Vs.BurgerPortaal.Core.Tests", "Vs.BurgerPortaal.Core.Tests\Vs.BurgerPortaal.Core.Tests.csproj", "{37D05D77-F84C-4C30-8334-343DE465BA86}"
EndProject
Project("{9A19103F-16F7-4668-BE54-9A1E7A4F7556}") = "Vs.Core.Web.OpenApi.Tests", "core\Vs.Core.Web.OpenApi.Tests\Vs.Core.Web.OpenApi.Tests.csproj", "{1F0DB637-3CAA-4954-AD07-190589B94DC3}"
EndProject
Global
	GlobalSection(SolutionConfigurationPlatforms) = preSolution
		Debug|Any CPU = Debug|Any CPU
		Release|Any CPU = Release|Any CPU
	EndGlobalSection
	GlobalSection(ProjectConfigurationPlatforms) = postSolution
		{91455A8C-B5F6-4E39-8314-38ED24EC6F60}.Debug|Any CPU.ActiveCfg = Debug|Any CPU
		{91455A8C-B5F6-4E39-8314-38ED24EC6F60}.Debug|Any CPU.Build.0 = Debug|Any CPU
		{91455A8C-B5F6-4E39-8314-38ED24EC6F60}.Release|Any CPU.ActiveCfg = Release|Any CPU
		{91455A8C-B5F6-4E39-8314-38ED24EC6F60}.Release|Any CPU.Build.0 = Release|Any CPU
		{F808BE58-C22E-47D7-A494-CA1C788832E2}.Debug|Any CPU.ActiveCfg = Debug|Any CPU
		{F808BE58-C22E-47D7-A494-CA1C788832E2}.Debug|Any CPU.Build.0 = Debug|Any CPU
		{F808BE58-C22E-47D7-A494-CA1C788832E2}.Release|Any CPU.ActiveCfg = Release|Any CPU
		{F808BE58-C22E-47D7-A494-CA1C788832E2}.Release|Any CPU.Build.0 = Release|Any CPU
		{60E9282A-7AF1-45DB-8C60-711A465F66A1}.Debug|Any CPU.ActiveCfg = Debug|Any CPU
		{60E9282A-7AF1-45DB-8C60-711A465F66A1}.Debug|Any CPU.Build.0 = Debug|Any CPU
		{60E9282A-7AF1-45DB-8C60-711A465F66A1}.Release|Any CPU.ActiveCfg = Release|Any CPU
		{60E9282A-7AF1-45DB-8C60-711A465F66A1}.Release|Any CPU.Build.0 = Release|Any CPU
		{947FB17C-36B5-498C-83E0-911D66A1C826}.Debug|Any CPU.ActiveCfg = Debug|Any CPU
		{947FB17C-36B5-498C-83E0-911D66A1C826}.Debug|Any CPU.Build.0 = Debug|Any CPU
		{947FB17C-36B5-498C-83E0-911D66A1C826}.Release|Any CPU.ActiveCfg = Release|Any CPU
		{947FB17C-36B5-498C-83E0-911D66A1C826}.Release|Any CPU.Build.0 = Release|Any CPU
		{CF02EDE3-E037-4F87-B6D3-2B016FB45D4C}.Debug|Any CPU.ActiveCfg = Debug|Any CPU
		{CF02EDE3-E037-4F87-B6D3-2B016FB45D4C}.Debug|Any CPU.Build.0 = Debug|Any CPU
		{CF02EDE3-E037-4F87-B6D3-2B016FB45D4C}.Release|Any CPU.ActiveCfg = Release|Any CPU
		{CF02EDE3-E037-4F87-B6D3-2B016FB45D4C}.Release|Any CPU.Build.0 = Release|Any CPU
		{979CBBEE-C1F5-45D6-A7A3-C16B63FBFC93}.Debug|Any CPU.ActiveCfg = Debug|Any CPU
		{979CBBEE-C1F5-45D6-A7A3-C16B63FBFC93}.Debug|Any CPU.Build.0 = Debug|Any CPU
		{979CBBEE-C1F5-45D6-A7A3-C16B63FBFC93}.Release|Any CPU.ActiveCfg = Release|Any CPU
		{979CBBEE-C1F5-45D6-A7A3-C16B63FBFC93}.Release|Any CPU.Build.0 = Release|Any CPU
		{103262AA-2B0C-4D00-B38C-640E6717B8B4}.Debug|Any CPU.ActiveCfg = Debug|Any CPU
		{103262AA-2B0C-4D00-B38C-640E6717B8B4}.Debug|Any CPU.Build.0 = Debug|Any CPU
		{103262AA-2B0C-4D00-B38C-640E6717B8B4}.Release|Any CPU.ActiveCfg = Release|Any CPU
		{103262AA-2B0C-4D00-B38C-640E6717B8B4}.Release|Any CPU.Build.0 = Release|Any CPU
		{68E67FA0-1F7C-4366-9B42-4889D5C3494C}.Debug|Any CPU.ActiveCfg = Debug|Any CPU
		{68E67FA0-1F7C-4366-9B42-4889D5C3494C}.Debug|Any CPU.Build.0 = Debug|Any CPU
		{68E67FA0-1F7C-4366-9B42-4889D5C3494C}.Release|Any CPU.ActiveCfg = Release|Any CPU
		{68E67FA0-1F7C-4366-9B42-4889D5C3494C}.Release|Any CPU.Build.0 = Release|Any CPU
		{F3A2931D-C46F-471F-B652-08A99DC63926}.Debug|Any CPU.ActiveCfg = Debug|Any CPU
		{F3A2931D-C46F-471F-B652-08A99DC63926}.Debug|Any CPU.Build.0 = Debug|Any CPU
		{F3A2931D-C46F-471F-B652-08A99DC63926}.Release|Any CPU.ActiveCfg = Release|Any CPU
		{F3A2931D-C46F-471F-B652-08A99DC63926}.Release|Any CPU.Build.0 = Release|Any CPU
		{2EE6C058-473C-40A4-BB03-B9C8391C41CD}.Debug|Any CPU.ActiveCfg = Debug|Any CPU
		{2EE6C058-473C-40A4-BB03-B9C8391C41CD}.Debug|Any CPU.Build.0 = Debug|Any CPU
		{2EE6C058-473C-40A4-BB03-B9C8391C41CD}.Release|Any CPU.ActiveCfg = Release|Any CPU
		{2EE6C058-473C-40A4-BB03-B9C8391C41CD}.Release|Any CPU.Build.0 = Release|Any CPU
		{879A048D-51F2-4BCA-99CF-D0D0F411AAEA}.Debug|Any CPU.ActiveCfg = Debug|Any CPU
		{879A048D-51F2-4BCA-99CF-D0D0F411AAEA}.Debug|Any CPU.Build.0 = Debug|Any CPU
		{879A048D-51F2-4BCA-99CF-D0D0F411AAEA}.Release|Any CPU.ActiveCfg = Release|Any CPU
		{879A048D-51F2-4BCA-99CF-D0D0F411AAEA}.Release|Any CPU.Build.0 = Release|Any CPU
		{142F8B64-A932-489F-9737-1E127810D6CB}.Debug|Any CPU.ActiveCfg = Debug|Any CPU
		{142F8B64-A932-489F-9737-1E127810D6CB}.Debug|Any CPU.Build.0 = Debug|Any CPU
		{142F8B64-A932-489F-9737-1E127810D6CB}.Release|Any CPU.ActiveCfg = Release|Any CPU
		{142F8B64-A932-489F-9737-1E127810D6CB}.Release|Any CPU.Build.0 = Release|Any CPU
		{465B8D5D-5A29-4447-96F5-0290F17FD680}.Debug|Any CPU.ActiveCfg = Debug|Any CPU
		{465B8D5D-5A29-4447-96F5-0290F17FD680}.Debug|Any CPU.Build.0 = Debug|Any CPU
		{465B8D5D-5A29-4447-96F5-0290F17FD680}.Release|Any CPU.ActiveCfg = Release|Any CPU
		{465B8D5D-5A29-4447-96F5-0290F17FD680}.Release|Any CPU.Build.0 = Release|Any CPU
		{AFAA8D8D-5B57-49B1-A718-7029ADE90618}.Debug|Any CPU.ActiveCfg = Debug|Any CPU
		{AFAA8D8D-5B57-49B1-A718-7029ADE90618}.Debug|Any CPU.Build.0 = Debug|Any CPU
		{AFAA8D8D-5B57-49B1-A718-7029ADE90618}.Release|Any CPU.ActiveCfg = Release|Any CPU
		{AFAA8D8D-5B57-49B1-A718-7029ADE90618}.Release|Any CPU.Build.0 = Release|Any CPU
		{03D26D24-A62C-4735-9756-698B6908E887}.Debug|Any CPU.ActiveCfg = Debug|Any CPU
		{03D26D24-A62C-4735-9756-698B6908E887}.Debug|Any CPU.Build.0 = Debug|Any CPU
		{03D26D24-A62C-4735-9756-698B6908E887}.Release|Any CPU.ActiveCfg = Release|Any CPU
		{03D26D24-A62C-4735-9756-698B6908E887}.Release|Any CPU.Build.0 = Release|Any CPU
		{5303C029-F6DF-4182-A51B-C21EDDDF19B0}.Debug|Any CPU.ActiveCfg = Debug|Any CPU
		{5303C029-F6DF-4182-A51B-C21EDDDF19B0}.Debug|Any CPU.Build.0 = Debug|Any CPU
		{5303C029-F6DF-4182-A51B-C21EDDDF19B0}.Release|Any CPU.ActiveCfg = Release|Any CPU
		{5303C029-F6DF-4182-A51B-C21EDDDF19B0}.Release|Any CPU.Build.0 = Release|Any CPU
		{49F184EA-0342-416D-8CCA-E0E3B3A055C3}.Debug|Any CPU.ActiveCfg = Debug|Any CPU
		{49F184EA-0342-416D-8CCA-E0E3B3A055C3}.Debug|Any CPU.Build.0 = Debug|Any CPU
		{49F184EA-0342-416D-8CCA-E0E3B3A055C3}.Release|Any CPU.ActiveCfg = Release|Any CPU
		{49F184EA-0342-416D-8CCA-E0E3B3A055C3}.Release|Any CPU.Build.0 = Release|Any CPU
		{107ECD92-BDEE-469C-BD4E-A7A4BB8E12A1}.Debug|Any CPU.ActiveCfg = Debug|Any CPU
		{107ECD92-BDEE-469C-BD4E-A7A4BB8E12A1}.Debug|Any CPU.Build.0 = Debug|Any CPU
		{107ECD92-BDEE-469C-BD4E-A7A4BB8E12A1}.Release|Any CPU.ActiveCfg = Release|Any CPU
		{107ECD92-BDEE-469C-BD4E-A7A4BB8E12A1}.Release|Any CPU.Build.0 = Release|Any CPU
		{A13575CC-D4D7-4BE2-852C-561522381580}.Debug|Any CPU.ActiveCfg = Debug|Any CPU
		{A13575CC-D4D7-4BE2-852C-561522381580}.Debug|Any CPU.Build.0 = Debug|Any CPU
		{A13575CC-D4D7-4BE2-852C-561522381580}.Release|Any CPU.ActiveCfg = Release|Any CPU
		{A13575CC-D4D7-4BE2-852C-561522381580}.Release|Any CPU.Build.0 = Release|Any CPU
		{C0A7789C-10DB-4674-AB16-125D4E4D0384}.Debug|Any CPU.ActiveCfg = Debug|Any CPU
		{C0A7789C-10DB-4674-AB16-125D4E4D0384}.Debug|Any CPU.Build.0 = Debug|Any CPU
		{C0A7789C-10DB-4674-AB16-125D4E4D0384}.Release|Any CPU.ActiveCfg = Release|Any CPU
		{C0A7789C-10DB-4674-AB16-125D4E4D0384}.Release|Any CPU.Build.0 = Release|Any CPU
		{2643ED42-27F0-4AA6-B36C-650B183D0699}.Debug|Any CPU.ActiveCfg = Debug|Any CPU
		{2643ED42-27F0-4AA6-B36C-650B183D0699}.Debug|Any CPU.Build.0 = Debug|Any CPU
		{2643ED42-27F0-4AA6-B36C-650B183D0699}.Release|Any CPU.ActiveCfg = Release|Any CPU
		{2643ED42-27F0-4AA6-B36C-650B183D0699}.Release|Any CPU.Build.0 = Release|Any CPU
		{ED9CDCA0-CCAD-41E7-A4B4-6904BBABFCA7}.Debug|Any CPU.ActiveCfg = Debug|Any CPU
		{ED9CDCA0-CCAD-41E7-A4B4-6904BBABFCA7}.Debug|Any CPU.Build.0 = Debug|Any CPU
		{ED9CDCA0-CCAD-41E7-A4B4-6904BBABFCA7}.Release|Any CPU.ActiveCfg = Release|Any CPU
		{ED9CDCA0-CCAD-41E7-A4B4-6904BBABFCA7}.Release|Any CPU.Build.0 = Release|Any CPU
		{080CABD0-0EEE-4354-AC7E-06F07B5BDB8F}.Debug|Any CPU.ActiveCfg = Debug|Any CPU
		{080CABD0-0EEE-4354-AC7E-06F07B5BDB8F}.Debug|Any CPU.Build.0 = Debug|Any CPU
		{080CABD0-0EEE-4354-AC7E-06F07B5BDB8F}.Release|Any CPU.ActiveCfg = Release|Any CPU
		{080CABD0-0EEE-4354-AC7E-06F07B5BDB8F}.Release|Any CPU.Build.0 = Release|Any CPU
		{A0EE266A-422E-45B1-A316-7F52B5A6DF6E}.Debug|Any CPU.ActiveCfg = Debug|Any CPU
		{A0EE266A-422E-45B1-A316-7F52B5A6DF6E}.Debug|Any CPU.Build.0 = Debug|Any CPU
		{A0EE266A-422E-45B1-A316-7F52B5A6DF6E}.Release|Any CPU.ActiveCfg = Release|Any CPU
		{A0EE266A-422E-45B1-A316-7F52B5A6DF6E}.Release|Any CPU.Build.0 = Release|Any CPU
		{DA61EC24-E465-460A-A129-28157DFE7E65}.Debug|Any CPU.ActiveCfg = Debug|Any CPU
		{DA61EC24-E465-460A-A129-28157DFE7E65}.Debug|Any CPU.Build.0 = Debug|Any CPU
		{DA61EC24-E465-460A-A129-28157DFE7E65}.Release|Any CPU.ActiveCfg = Release|Any CPU
		{DA61EC24-E465-460A-A129-28157DFE7E65}.Release|Any CPU.Build.0 = Release|Any CPU
		{0C23AD5D-61E7-4163-ACEE-EC3E414E278B}.Debug|Any CPU.ActiveCfg = Debug|Any CPU
		{0C23AD5D-61E7-4163-ACEE-EC3E414E278B}.Debug|Any CPU.Build.0 = Debug|Any CPU
		{0C23AD5D-61E7-4163-ACEE-EC3E414E278B}.Release|Any CPU.ActiveCfg = Release|Any CPU
		{0C23AD5D-61E7-4163-ACEE-EC3E414E278B}.Release|Any CPU.Build.0 = Release|Any CPU
		{CAB71EE5-88C8-4202-958B-A637B617F905}.Debug|Any CPU.ActiveCfg = Debug|Any CPU
		{CAB71EE5-88C8-4202-958B-A637B617F905}.Debug|Any CPU.Build.0 = Debug|Any CPU
		{CAB71EE5-88C8-4202-958B-A637B617F905}.Release|Any CPU.ActiveCfg = Release|Any CPU
		{CAB71EE5-88C8-4202-958B-A637B617F905}.Release|Any CPU.Build.0 = Release|Any CPU
		{CDAE33D5-2032-4671-9CAC-5A0CA693D504}.Debug|Any CPU.ActiveCfg = Debug|Any CPU
		{CDAE33D5-2032-4671-9CAC-5A0CA693D504}.Debug|Any CPU.Build.0 = Debug|Any CPU
		{CDAE33D5-2032-4671-9CAC-5A0CA693D504}.Release|Any CPU.ActiveCfg = Release|Any CPU
		{CDAE33D5-2032-4671-9CAC-5A0CA693D504}.Release|Any CPU.Build.0 = Release|Any CPU
		{B86769B8-78A4-4872-B2F5-D435456C7BCB}.Debug|Any CPU.ActiveCfg = Debug|Any CPU
		{B86769B8-78A4-4872-B2F5-D435456C7BCB}.Debug|Any CPU.Build.0 = Debug|Any CPU
		{B86769B8-78A4-4872-B2F5-D435456C7BCB}.Release|Any CPU.ActiveCfg = Release|Any CPU
		{B86769B8-78A4-4872-B2F5-D435456C7BCB}.Release|Any CPU.Build.0 = Release|Any CPU
		{37D05D77-F84C-4C30-8334-343DE465BA86}.Debug|Any CPU.ActiveCfg = Debug|Any CPU
		{37D05D77-F84C-4C30-8334-343DE465BA86}.Debug|Any CPU.Build.0 = Debug|Any CPU
		{37D05D77-F84C-4C30-8334-343DE465BA86}.Release|Any CPU.ActiveCfg = Release|Any CPU
		{37D05D77-F84C-4C30-8334-343DE465BA86}.Release|Any CPU.Build.0 = Release|Any CPU
		{1F0DB637-3CAA-4954-AD07-190589B94DC3}.Debug|Any CPU.ActiveCfg = Debug|Any CPU
		{1F0DB637-3CAA-4954-AD07-190589B94DC3}.Debug|Any CPU.Build.0 = Debug|Any CPU
		{1F0DB637-3CAA-4954-AD07-190589B94DC3}.Release|Any CPU.ActiveCfg = Release|Any CPU
		{1F0DB637-3CAA-4954-AD07-190589B94DC3}.Release|Any CPU.Build.0 = Release|Any CPU
	EndGlobalSection
	GlobalSection(SolutionProperties) = preSolution
		HideSolutionNode = FALSE
	EndGlobalSection
	GlobalSection(NestedProjects) = preSolution
		{59BAD9B8-4094-4778-B851-E0654C59C646} = {903A60DA-7659-421E-9BA8-14FBCC994642}
		{2D723034-EED5-4817-BEAD-395569BB5AE6} = {903A60DA-7659-421E-9BA8-14FBCC994642}
		{CF02EDE3-E037-4F87-B6D3-2B016FB45D4C} = {E3EFC9E8-AF92-4CA2-B6F8-43FEF9555A3E}
		{979CBBEE-C1F5-45D6-A7A3-C16B63FBFC93} = {E3EFC9E8-AF92-4CA2-B6F8-43FEF9555A3E}
		{103262AA-2B0C-4D00-B38C-640E6717B8B4} = {4EEA526B-513B-4274-83E9-82847EDCB061}
		{68E67FA0-1F7C-4366-9B42-4889D5C3494C} = {4EEA526B-513B-4274-83E9-82847EDCB061}
		{675B52A9-1CB2-483A-B7AA-4831DBE389CF} = {E3EFC9E8-AF92-4CA2-B6F8-43FEF9555A3E}
		{F3A2931D-C46F-471F-B652-08A99DC63926} = {5C4AF588-9E89-4835-B899-12A16B587546}
		{879A048D-51F2-4BCA-99CF-D0D0F411AAEA} = {5C4AF588-9E89-4835-B899-12A16B587546}
		{142F8B64-A932-489F-9737-1E127810D6CB} = {4EEA526B-513B-4274-83E9-82847EDCB061}
		{465B8D5D-5A29-4447-96F5-0290F17FD680} = {4EEA526B-513B-4274-83E9-82847EDCB061}
		{03D26D24-A62C-4735-9756-698B6908E887} = {E3EFC9E8-AF92-4CA2-B6F8-43FEF9555A3E}
		{5303C029-F6DF-4182-A51B-C21EDDDF19B0} = {E3EFC9E8-AF92-4CA2-B6F8-43FEF9555A3E}
		{A13575CC-D4D7-4BE2-852C-561522381580} = {5C4AF588-9E89-4835-B899-12A16B587546}
		{C0A7789C-10DB-4674-AB16-125D4E4D0384} = {97A749EF-A7E5-45A8-B456-1169B34BC63C}
		{88324C07-A820-4B94-9381-822AD967B277} = {80E2EB35-DA37-45AC-AAFD-4B5A95D702B0}
		{2643ED42-27F0-4AA6-B36C-650B183D0699} = {88324C07-A820-4B94-9381-822AD967B277}
		{ED9CDCA0-CCAD-41E7-A4B4-6904BBABFCA7} = {88324C07-A820-4B94-9381-822AD967B277}
		{080CABD0-0EEE-4354-AC7E-06F07B5BDB8F} = {88324C07-A820-4B94-9381-822AD967B277}
		{A0EE266A-422E-45B1-A316-7F52B5A6DF6E} = {5C4AF588-9E89-4835-B899-12A16B587546}
		{0C23AD5D-61E7-4163-ACEE-EC3E414E278B} = {5C4AF588-9E89-4835-B899-12A16B587546}
		{1F0DB637-3CAA-4954-AD07-190589B94DC3} = {5C4AF588-9E89-4835-B899-12A16B587546}
	EndGlobalSection
	GlobalSection(ExtensibilityGlobals) = postSolution
		SolutionGuid = {E58FCF99-F1A1-4677-A764-8E0C27B8278E}
	EndGlobalSection
EndGlobal
