
Microsoft Visual Studio Solution File, Format Version 12.00
# Visual Studio Version 16
VisualStudioVersion = 16.0.29418.71
MinimumVisualStudioVersion = 10.0.40219.1
Project("{9A19103F-16F7-4668-BE54-9A1E7A4F7556}") = "Vs.VoorzieningenEnRegelingen.Core", "Vs.VoorzieningenEnRegelingen.Core\Vs.VoorzieningenEnRegelingen.Core.csproj", "{91455A8C-B5F6-4E39-8314-38ED24EC6F60}"
EndProject
Project("{2150E333-8FDC-42A3-9474-1A3956D46DE8}") = "Solution Items", "Solution Items", "{4924015A-0FD1-485E-8D4E-D2B0BFCC3EF4}"
	ProjectSection(SolutionItems) = preProject
		readme.md = readme.md
	EndProjectSection
EndProject
Project("{2150E333-8FDC-42A3-9474-1A3956D46DE8}") = "images", "images", "{35C0B2C8-9B11-417A-8C9A-523F452DA31C}"
	ProjectSection(SolutionItems) = preProject
		images\logo.svg = images\logo.svg
	EndProjectSection
EndProject
Project("{9A19103F-16F7-4668-BE54-9A1E7A4F7556}") = "Vs.VoorzieningenEnRegelingen.Core.Tests", "Vs.VoorzieningenEnRegelingen.Core.Tests\Vs.VoorzieningenEnRegelingen.Core.Tests.csproj", "{F808BE58-C22E-47D7-A494-CA1C788832E2}"
EndProject
Project("{9A19103F-16F7-4668-BE54-9A1E7A4F7556}") = "Vs.VoorzieningenEnRegelingen.Site", "Vs.VoorzieningenEnRegelingen.Site\Vs.VoorzieningenEnRegelingen.Site.csproj", "{B580B0CD-3027-4FC3-A3EB-06094FC85130}"
EndProject
Project("{2150E333-8FDC-42A3-9474-1A3956D46DE8}") = "doc", "doc", "{903A60DA-7659-421E-9BA8-14FBCC994642}"
	ProjectSection(SolutionItems) = preProject
		doc\Requirements-Wetsanalist.md = doc\Requirements-Wetsanalist.md
	EndProjectSection
EndProject
Project("{9A19103F-16F7-4668-BE54-9A1E7A4F7556}") = "Vs.VoorzieningenEnRegelingen.Service", "Vs.VoorzieningenEnRegelingen.Service\Vs.VoorzieningenEnRegelingen.Service.csproj", "{60E9282A-7AF1-45DB-8C60-711A465F66A1}"
EndProject
Project("{9A19103F-16F7-4668-BE54-9A1E7A4F7556}") = "Vs.VoorzieningenEnRegelingen.Service.Tests", "Vs.VoorzieningenEnRegelingen.Service.Tests\Vs.VoorzieningenEnRegelingen.Service.Tests.csproj", "{8FEA3733-D193-41F2-AF73-B9D05C900874}"
EndProject
Project("{2150E333-8FDC-42A3-9474-1A3956D46DE8}") = "test-payloads", "test-payloads", "{59BAD9B8-4094-4778-B851-E0654C59C646}"
	ProjectSection(SolutionItems) = preProject
		doc\test-payloads\zorgtoeslag-2019.yml = doc\test-payloads\zorgtoeslag-2019.yml
	EndProjectSection
EndProject
Project("{FAE04EC0-301F-11D3-BF4B-00C04F79EFBC}") = "Vs.VoorzieningenEnRegelingen.Benchmarks", "Vs.VoorzieningenEnRegelingen.Benchmarks\Vs.VoorzieningenEnRegelingen.Benchmarks.csproj", "{947FB17C-36B5-498C-83E0-911D66A1C826}"
EndProject
Global
	GlobalSection(SolutionConfigurationPlatforms) = preSolution
		Debug|Any CPU = Debug|Any CPU
		Release|Any CPU = Release|Any CPU
	EndGlobalSection
	GlobalSection(ProjectConfigurationPlatforms) = postSolution
		{91455A8C-B5F6-4E39-8314-38ED24EC6F60}.Debug|Any CPU.ActiveCfg = Debug|Any CPU
		{91455A8C-B5F6-4E39-8314-38ED24EC6F60}.Debug|Any CPU.Build.0 = Debug|Any CPU
		{91455A8C-B5F6-4E39-8314-38ED24EC6F60}.Release|Any CPU.ActiveCfg = Release|Any CPU
		{91455A8C-B5F6-4E39-8314-38ED24EC6F60}.Release|Any CPU.Build.0 = Release|Any CPU
		{F808BE58-C22E-47D7-A494-CA1C788832E2}.Debug|Any CPU.ActiveCfg = Debug|Any CPU
		{F808BE58-C22E-47D7-A494-CA1C788832E2}.Debug|Any CPU.Build.0 = Debug|Any CPU
		{F808BE58-C22E-47D7-A494-CA1C788832E2}.Release|Any CPU.ActiveCfg = Release|Any CPU
		{F808BE58-C22E-47D7-A494-CA1C788832E2}.Release|Any CPU.Build.0 = Release|Any CPU
		{B580B0CD-3027-4FC3-A3EB-06094FC85130}.Debug|Any CPU.ActiveCfg = Debug|Any CPU
		{B580B0CD-3027-4FC3-A3EB-06094FC85130}.Debug|Any CPU.Build.0 = Debug|Any CPU
		{B580B0CD-3027-4FC3-A3EB-06094FC85130}.Release|Any CPU.ActiveCfg = Release|Any CPU
		{B580B0CD-3027-4FC3-A3EB-06094FC85130}.Release|Any CPU.Build.0 = Release|Any CPU
		{60E9282A-7AF1-45DB-8C60-711A465F66A1}.Debug|Any CPU.ActiveCfg = Debug|Any CPU
		{60E9282A-7AF1-45DB-8C60-711A465F66A1}.Debug|Any CPU.Build.0 = Debug|Any CPU
		{60E9282A-7AF1-45DB-8C60-711A465F66A1}.Release|Any CPU.ActiveCfg = Release|Any CPU
		{60E9282A-7AF1-45DB-8C60-711A465F66A1}.Release|Any CPU.Build.0 = Release|Any CPU
		{8FEA3733-D193-41F2-AF73-B9D05C900874}.Debug|Any CPU.ActiveCfg = Debug|Any CPU
		{8FEA3733-D193-41F2-AF73-B9D05C900874}.Debug|Any CPU.Build.0 = Debug|Any CPU
		{8FEA3733-D193-41F2-AF73-B9D05C900874}.Release|Any CPU.ActiveCfg = Release|Any CPU
		{8FEA3733-D193-41F2-AF73-B9D05C900874}.Release|Any CPU.Build.0 = Release|Any CPU
		{947FB17C-36B5-498C-83E0-911D66A1C826}.Debug|Any CPU.ActiveCfg = Debug|Any CPU
		{947FB17C-36B5-498C-83E0-911D66A1C826}.Debug|Any CPU.Build.0 = Debug|Any CPU
		{947FB17C-36B5-498C-83E0-911D66A1C826}.Release|Any CPU.ActiveCfg = Release|Any CPU
		{947FB17C-36B5-498C-83E0-911D66A1C826}.Release|Any CPU.Build.0 = Release|Any CPU
	EndGlobalSection
	GlobalSection(SolutionProperties) = preSolution
		HideSolutionNode = FALSE
	EndGlobalSection
	GlobalSection(NestedProjects) = preSolution
		{59BAD9B8-4094-4778-B851-E0654C59C646} = {903A60DA-7659-421E-9BA8-14FBCC994642}
	EndGlobalSection
	GlobalSection(ExtensibilityGlobals) = postSolution
		SolutionGuid = {E58FCF99-F1A1-4677-A764-8E0C27B8278E}
	EndGlobalSection
EndGlobal
