
Microsoft Visual Studio Solution File, Format Version 12.00
# Visual Studio Version 16
VisualStudioVersion = 16.0.30002.166
MinimumVisualStudioVersion = 10.0.40219.1
Project("{9A19103F-16F7-4668-BE54-9A1E7A4F7556}") = "Vs.Orleans.SiloHost", "src\Vs.Orleans.SiloHost\Vs.Orleans.SiloHost.csproj", "{8833CADE-80B5-4AA1-835E-594E907C58DF}"
EndProject
Project("{9A19103F-16F7-4668-BE54-9A1E7A4F7556}") = "Vs.Rules.OrleansTestClient", "src\Vs.Rules.OrleansTestClient\Vs.Rules.OrleansTestClient.csproj", "{18DFEAE0-0000-4EFF-825F-2150B0C509F8}"
EndProject
Project("{9A19103F-16F7-4668-BE54-9A1E7A4F7556}") = "Vs.Rules.Grains.Interfaces", "src\Vs.Rules.Grains.Interfaces\Vs.Rules.Grains.Interfaces.csproj", "{1977C291-BE23-415A-8305-9E6F7B23203D}"
EndProject
Project("{9A19103F-16F7-4668-BE54-9A1E7A4F7556}") = "Vs.Rules.Grains", "src\Vs.Rules.Grains\Vs.Rules.Grains.csproj", "{C8097F83-2D0E-4FFD-AEAE-AA075141289C}"
EndProject
Project("{2150E333-8FDC-42A3-9474-1A3956D46DE8}") = "Solution Items", "Solution Items", "{3C202E56-5082-4C00-9438-E0DFAAEC9326}"
	ProjectSection(SolutionItems) = preProject
		BuildAndRun.ps1 = BuildAndRun.ps1
		BuildAndRun.sh = BuildAndRun.sh
		Readme.md = Readme.md
	EndProjectSection
EndProject
Project("{9A19103F-16F7-4668-BE54-9A1E7A4F7556}") = "Vs.Rules.OrleansTests", "Vs.Rules.OrleansTests\Vs.Rules.OrleansTests.csproj", "{814A084E-DC46-467E-AE7E-A79B7163BA9B}"
EndProject
Project("{9A19103F-16F7-4668-BE54-9A1E7A4F7556}") = "Vs.Rules.Compiler", "src\Vs.Rules.Compiler\Vs.Rules.Compiler.csproj", "{B07A5A33-4C4B-4F53-B310-84CA0A8AB058}"
EndProject
Project("{9A19103F-16F7-4668-BE54-9A1E7A4F7556}") = "Vs.Rules.Compiler.Tests", "src\Vs.Rules.Compiler.Tests\Vs.Rules.Compiler.Tests.csproj", "{BD65D148-3FF1-4741-B2A2-064D7A960954}"
EndProject
Project("{2150E333-8FDC-42A3-9474-1A3956D46DE8}") = "doc", "doc", "{0A85C8EF-7AB2-42CE-B173-5C0EBFB2B9E3}"
EndProject
Project("{2150E333-8FDC-42A3-9474-1A3956D46DE8}") = "publications", "publications", "{16D52082-4521-4E94-B5B3-E5DA12354803}"
EndProject
Project("{FAE04EC0-301F-11D3-BF4B-00C04F79EFBC}") = "Vs.Publications.Grains", "publications\Vs.Publications.Grains\Vs.Publications.Grains.csproj", "{9B7D3E25-7D70-4ABC-B779-46BE552C88DB}"
EndProject
Project("{FAE04EC0-301F-11D3-BF4B-00C04F79EFBC}") = "Vs.Publications.Grains.Interfaces", "Vs.Publications.Grains.Interfaces\Vs.Publications.Grains.Interfaces.csproj", "{51BFA280-4186-46C2-8922-861939EE9032}"
EndProject
Global
	GlobalSection(SolutionConfigurationPlatforms) = preSolution
		Debug|Any CPU = Debug|Any CPU
		Release|Any CPU = Release|Any CPU
	EndGlobalSection
	GlobalSection(ProjectConfigurationPlatforms) = postSolution
		{8833CADE-80B5-4AA1-835E-594E907C58DF}.Debug|Any CPU.ActiveCfg = Debug|Any CPU
		{8833CADE-80B5-4AA1-835E-594E907C58DF}.Debug|Any CPU.Build.0 = Debug|Any CPU
		{8833CADE-80B5-4AA1-835E-594E907C58DF}.Release|Any CPU.ActiveCfg = Release|Any CPU
		{8833CADE-80B5-4AA1-835E-594E907C58DF}.Release|Any CPU.Build.0 = Release|Any CPU
		{18DFEAE0-0000-4EFF-825F-2150B0C509F8}.Debug|Any CPU.ActiveCfg = Debug|Any CPU
		{18DFEAE0-0000-4EFF-825F-2150B0C509F8}.Debug|Any CPU.Build.0 = Debug|Any CPU
		{18DFEAE0-0000-4EFF-825F-2150B0C509F8}.Release|Any CPU.ActiveCfg = Release|Any CPU
		{18DFEAE0-0000-4EFF-825F-2150B0C509F8}.Release|Any CPU.Build.0 = Release|Any CPU
		{1977C291-BE23-415A-8305-9E6F7B23203D}.Debug|Any CPU.ActiveCfg = Debug|Any CPU
		{1977C291-BE23-415A-8305-9E6F7B23203D}.Debug|Any CPU.Build.0 = Debug|Any CPU
		{1977C291-BE23-415A-8305-9E6F7B23203D}.Release|Any CPU.ActiveCfg = Release|Any CPU
		{1977C291-BE23-415A-8305-9E6F7B23203D}.Release|Any CPU.Build.0 = Release|Any CPU
		{C8097F83-2D0E-4FFD-AEAE-AA075141289C}.Debug|Any CPU.ActiveCfg = Debug|Any CPU
		{C8097F83-2D0E-4FFD-AEAE-AA075141289C}.Debug|Any CPU.Build.0 = Debug|Any CPU
		{C8097F83-2D0E-4FFD-AEAE-AA075141289C}.Release|Any CPU.ActiveCfg = Release|Any CPU
		{C8097F83-2D0E-4FFD-AEAE-AA075141289C}.Release|Any CPU.Build.0 = Release|Any CPU
		{814A084E-DC46-467E-AE7E-A79B7163BA9B}.Debug|Any CPU.ActiveCfg = Debug|Any CPU
		{814A084E-DC46-467E-AE7E-A79B7163BA9B}.Debug|Any CPU.Build.0 = Debug|Any CPU
		{814A084E-DC46-467E-AE7E-A79B7163BA9B}.Release|Any CPU.ActiveCfg = Release|Any CPU
		{814A084E-DC46-467E-AE7E-A79B7163BA9B}.Release|Any CPU.Build.0 = Release|Any CPU
		{B07A5A33-4C4B-4F53-B310-84CA0A8AB058}.Debug|Any CPU.ActiveCfg = Debug|Any CPU
		{B07A5A33-4C4B-4F53-B310-84CA0A8AB058}.Debug|Any CPU.Build.0 = Debug|Any CPU
		{B07A5A33-4C4B-4F53-B310-84CA0A8AB058}.Release|Any CPU.ActiveCfg = Release|Any CPU
		{B07A5A33-4C4B-4F53-B310-84CA0A8AB058}.Release|Any CPU.Build.0 = Release|Any CPU
		{BD65D148-3FF1-4741-B2A2-064D7A960954}.Debug|Any CPU.ActiveCfg = Debug|Any CPU
		{BD65D148-3FF1-4741-B2A2-064D7A960954}.Debug|Any CPU.Build.0 = Debug|Any CPU
		{BD65D148-3FF1-4741-B2A2-064D7A960954}.Release|Any CPU.ActiveCfg = Release|Any CPU
		{BD65D148-3FF1-4741-B2A2-064D7A960954}.Release|Any CPU.Build.0 = Release|Any CPU
		{9B7D3E25-7D70-4ABC-B779-46BE552C88DB}.Debug|Any CPU.ActiveCfg = Debug|Any CPU
		{9B7D3E25-7D70-4ABC-B779-46BE552C88DB}.Debug|Any CPU.Build.0 = Debug|Any CPU
		{9B7D3E25-7D70-4ABC-B779-46BE552C88DB}.Release|Any CPU.ActiveCfg = Release|Any CPU
		{9B7D3E25-7D70-4ABC-B779-46BE552C88DB}.Release|Any CPU.Build.0 = Release|Any CPU
		{51BFA280-4186-46C2-8922-861939EE9032}.Debug|Any CPU.ActiveCfg = Debug|Any CPU
		{51BFA280-4186-46C2-8922-861939EE9032}.Debug|Any CPU.Build.0 = Debug|Any CPU
		{51BFA280-4186-46C2-8922-861939EE9032}.Release|Any CPU.ActiveCfg = Release|Any CPU
		{51BFA280-4186-46C2-8922-861939EE9032}.Release|Any CPU.Build.0 = Release|Any CPU
	EndGlobalSection
	GlobalSection(SolutionProperties) = preSolution
		HideSolutionNode = FALSE
	EndGlobalSection
	GlobalSection(NestedProjects) = preSolution
		{9B7D3E25-7D70-4ABC-B779-46BE552C88DB} = {16D52082-4521-4E94-B5B3-E5DA12354803}
		{51BFA280-4186-46C2-8922-861939EE9032} = {16D52082-4521-4E94-B5B3-E5DA12354803}
	EndGlobalSection
	GlobalSection(ExtensibilityGlobals) = postSolution
		SolutionGuid = {770CE15D-FCF4-4F37-BBC3-B62DEEFFB973}
	EndGlobalSection
EndGlobal
